
Microsoft Visual Studio Solution File, Format Version 12.00
# Visual Studio Version 17
VisualStudioVersion = 17.11.35327.3
MinimumVisualStudioVersion = 10.0.40219.1
Project("{FAE04EC0-301F-11D3-BF4B-00C04F79EFBC}") = "GeoGenius", "GeoGenius\GeoGenius.csproj", "{12BA7516-7843-4ADA-873A-8C6B398B60D0}"
EndProject
Global
	GlobalSection(SolutionConfigurationPlatforms) = preSolution
		Debug|Any CPU = Debug|Any CPU
		Release|Any CPU = Release|Any CPU
	EndGlobalSection
	GlobalSection(ProjectConfigurationPlatforms) = postSolution
		{12BA7516-7843-4ADA-873A-8C6B398B60D0}.Debug|Any CPU.ActiveCfg = Debug|Any CPU
		{12BA7516-7843-4ADA-873A-8C6B398B60D0}.Debug|Any CPU.Build.0 = Debug|Any CPU
		{12BA7516-7843-4ADA-873A-8C6B398B60D0}.Release|Any CPU.ActiveCfg = Release|Any CPU
		{12BA7516-7843-4ADA-873A-8C6B398B60D0}.Release|Any CPU.Build.0 = Release|Any CPU
	EndGlobalSection
	GlobalSection(SolutionProperties) = preSolution
		HideSolutionNode = FALSE
	EndGlobalSection
	GlobalSection(ExtensibilityGlobals) = postSolution
		SolutionGuid = {2669E2C8-1276-45F2-9390-0DAD34774545}
	EndGlobalSection
EndGlobal
